
Microsoft Visual Studio Solution File, Format Version 12.00
# Visual Studio Version 17
VisualStudioVersion = 17.7.34031.279
MinimumVisualStudioVersion = 10.0.40219.1
Project("{FAE04EC0-301F-11D3-BF4B-00C04F79EFBC}") = "manager_project", "manager_project\manager_project.csproj", "{A7D49C75-F243-4B0E-909B-8D83FDAEFE52}"
EndProject
Global
	GlobalSection(SolutionConfigurationPlatforms) = preSolution
		Debug|Any CPU = Debug|Any CPU
		Release|Any CPU = Release|Any CPU
	EndGlobalSection
	GlobalSection(ProjectConfigurationPlatforms) = postSolution
		{A7D49C75-F243-4B0E-909B-8D83FDAEFE52}.Debug|Any CPU.ActiveCfg = Debug|Any CPU
		{A7D49C75-F243-4B0E-909B-8D83FDAEFE52}.Debug|Any CPU.Build.0 = Debug|Any CPU
		{A7D49C75-F243-4B0E-909B-8D83FDAEFE52}.Release|Any CPU.ActiveCfg = Release|Any CPU
		{A7D49C75-F243-4B0E-909B-8D83FDAEFE52}.Release|Any CPU.Build.0 = Release|Any CPU
	EndGlobalSection
	GlobalSection(SolutionProperties) = preSolution
		HideSolutionNode = FALSE
	EndGlobalSection
	GlobalSection(ExtensibilityGlobals) = postSolution
		SolutionGuid = {AADDA8F5-377B-4BAB-A005-F120737EB174}
	EndGlobalSection
EndGlobal
